
Microsoft Visual Studio Solution File, Format Version 12.00
# Visual Studio Version 17
VisualStudioVersion = 17.11.35312.102
MinimumVisualStudioVersion = 10.0.40219.1
Project("{FAE04EC0-301F-11D3-BF4B-00C04F79EFBC}") = "P3_2_714230069", "P3_2_714230069\P3_2_714230069.csproj", "{145F8FCA-2D31-43F8-A9BD-ECB1F90C0767}"
EndProject
Global
	GlobalSection(SolutionConfigurationPlatforms) = preSolution
		Debug|Any CPU = Debug|Any CPU
		Release|Any CPU = Release|Any CPU
	EndGlobalSection
	GlobalSection(ProjectConfigurationPlatforms) = postSolution
		{145F8FCA-2D31-43F8-A9BD-ECB1F90C0767}.Debug|Any CPU.ActiveCfg = Debug|Any CPU
		{145F8FCA-2D31-43F8-A9BD-ECB1F90C0767}.Debug|Any CPU.Build.0 = Debug|Any CPU
		{145F8FCA-2D31-43F8-A9BD-ECB1F90C0767}.Release|Any CPU.ActiveCfg = Release|Any CPU
		{145F8FCA-2D31-43F8-A9BD-ECB1F90C0767}.Release|Any CPU.Build.0 = Release|Any CPU
	EndGlobalSection
	GlobalSection(SolutionProperties) = preSolution
		HideSolutionNode = FALSE
	EndGlobalSection
	GlobalSection(ExtensibilityGlobals) = postSolution
		SolutionGuid = {EA17AF99-B8E1-45BC-AAD9-784C93460097}
	EndGlobalSection
EndGlobal
