
Microsoft Visual Studio Solution File, Format Version 12.00
# Visual Studio Version 17
VisualStudioVersion = 17.11.35312.102
MinimumVisualStudioVersion = 10.0.40219.1
Project("{FAE04EC0-301F-11D3-BF4B-00C04F79EFBC}") = "P4_2_714230069", "P4_2_714230069\P4_2_714230069.csproj", "{EA9D7F76-4312-4B94-8098-E1E2F616FF0C}"
EndProject
Global
	GlobalSection(SolutionConfigurationPlatforms) = preSolution
		Debug|Any CPU = Debug|Any CPU
		Release|Any CPU = Release|Any CPU
	EndGlobalSection
	GlobalSection(ProjectConfigurationPlatforms) = postSolution
		{EA9D7F76-4312-4B94-8098-E1E2F616FF0C}.Debug|Any CPU.ActiveCfg = Debug|Any CPU
		{EA9D7F76-4312-4B94-8098-E1E2F616FF0C}.Debug|Any CPU.Build.0 = Debug|Any CPU
		{EA9D7F76-4312-4B94-8098-E1E2F616FF0C}.Release|Any CPU.ActiveCfg = Release|Any CPU
		{EA9D7F76-4312-4B94-8098-E1E2F616FF0C}.Release|Any CPU.Build.0 = Release|Any CPU
	EndGlobalSection
	GlobalSection(SolutionProperties) = preSolution
		HideSolutionNode = FALSE
	EndGlobalSection
	GlobalSection(ExtensibilityGlobals) = postSolution
		SolutionGuid = {DAFDF27F-1D23-407D-A8A4-0071320F1A93}
	EndGlobalSection
EndGlobal
