
Microsoft Visual Studio Solution File, Format Version 12.00
# Visual Studio Version 17
VisualStudioVersion = 17.11.35312.102
MinimumVisualStudioVersion = 10.0.40219.1
Project("{FAE04EC0-301F-11D3-BF4B-00C04F79EFBC}") = "P5_1_714230069", "P5_1_714230069\P5_1_714230069.csproj", "{C81F2C4F-1661-4455-B86E-BBCA6C38E02D}"
EndProject
Global
	GlobalSection(SolutionConfigurationPlatforms) = preSolution
		Debug|Any CPU = Debug|Any CPU
		Release|Any CPU = Release|Any CPU
	EndGlobalSection
	GlobalSection(ProjectConfigurationPlatforms) = postSolution
		{C81F2C4F-1661-4455-B86E-BBCA6C38E02D}.Debug|Any CPU.ActiveCfg = Debug|Any CPU
		{C81F2C4F-1661-4455-B86E-BBCA6C38E02D}.Debug|Any CPU.Build.0 = Debug|Any CPU
		{C81F2C4F-1661-4455-B86E-BBCA6C38E02D}.Release|Any CPU.ActiveCfg = Release|Any CPU
		{C81F2C4F-1661-4455-B86E-BBCA6C38E02D}.Release|Any CPU.Build.0 = Release|Any CPU
	EndGlobalSection
	GlobalSection(SolutionProperties) = preSolution
		HideSolutionNode = FALSE
	EndGlobalSection
	GlobalSection(ExtensibilityGlobals) = postSolution
		SolutionGuid = {61715D6A-6D26-4B7F-BFEC-EDB2EB65AC45}
	EndGlobalSection
EndGlobal
