
Microsoft Visual Studio Solution File, Format Version 12.00
# Visual Studio Version 17
VisualStudioVersion = 17.11.35312.102
MinimumVisualStudioVersion = 10.0.40219.1
Project("{FAE04EC0-301F-11D3-BF4B-00C04F79EFBC}") = "P2_2_714230069", "P2_2_714230069\P2_2_714230069.csproj", "{640B184D-D476-44E8-B9BD-DC2776C10C30}"
EndProject
Global
	GlobalSection(SolutionConfigurationPlatforms) = preSolution
		Debug|Any CPU = Debug|Any CPU
		Release|Any CPU = Release|Any CPU
	EndGlobalSection
	GlobalSection(ProjectConfigurationPlatforms) = postSolution
		{640B184D-D476-44E8-B9BD-DC2776C10C30}.Debug|Any CPU.ActiveCfg = Debug|Any CPU
		{640B184D-D476-44E8-B9BD-DC2776C10C30}.Debug|Any CPU.Build.0 = Debug|Any CPU
		{640B184D-D476-44E8-B9BD-DC2776C10C30}.Release|Any CPU.ActiveCfg = Release|Any CPU
		{640B184D-D476-44E8-B9BD-DC2776C10C30}.Release|Any CPU.Build.0 = Release|Any CPU
	EndGlobalSection
	GlobalSection(SolutionProperties) = preSolution
		HideSolutionNode = FALSE
	EndGlobalSection
	GlobalSection(ExtensibilityGlobals) = postSolution
		SolutionGuid = {7914E442-4830-46EE-899C-59B69CE90641}
	EndGlobalSection
EndGlobal
